
Microsoft Visual Studio Solution File, Format Version 12.00
# Visual Studio Version 16
VisualStudioVersion = 16.0.30114.105
MinimumVisualStudioVersion = 10.0.40219.1
Project("{FAE04EC0-301F-11D3-BF4B-00C04F79EFBC}") = "LDtk", "LDtk\LDtk.csproj", "{C06F3852-8826-4966-AD32-1620DC3F2E24}"
EndProject
Project("{FAE04EC0-301F-11D3-BF4B-00C04F79EFBC}") = "LDtk.Codegen", "LDtk.Codegen\LDtk.Codegen.csproj", "{2E4B4C82-6A11-4D84-A56F-EA80332397D4}"
EndProject
Project("{FAE04EC0-301F-11D3-BF4B-00C04F79EFBC}") = "LDtk.ContentPipeline", "LDtk.ContentPipeline\LDtk.ContentPipeline.csproj", "{1479A43C-F4FA-45B4-9E7C-41FD8A56771B}"
EndProject
Project("{FAE04EC0-301F-11D3-BF4B-00C04F79EFBC}") = "LDtk.Example", "LDtk.Example\LDtk.Example.csproj", "{664B7C84-1F3A-4A71-B46B-6741B4D28368}"
EndProject
Project("{FAE04EC0-301F-11D3-BF4B-00C04F79EFBC}") = "LDtk.Tests", "LDtk.Tests\LDtk.Tests.csproj", "{D4064710-A361-4A9E-B035-E84D1E84C599}"
EndProject
Project("{FAE04EC0-301F-11D3-BF4B-00C04F79EFBC}") = "LDtk.JsonShema", "LDtk.JsonShema\LDtk.JsonShema.csproj", "{DC684867-42FE-4B3B-A33D-5FE6FE929A76}"
EndProject
Global
	GlobalSection(SolutionConfigurationPlatforms) = preSolution
		Debug|Any CPU = Debug|Any CPU
		Release|Any CPU = Release|Any CPU
	EndGlobalSection
	GlobalSection(SolutionProperties) = preSolution
		HideSolutionNode = FALSE
	EndGlobalSection
	GlobalSection(ProjectConfigurationPlatforms) = postSolution
		{C06F3852-8826-4966-AD32-1620DC3F2E24}.Debug|Any CPU.ActiveCfg = Debug|Any CPU
		{C06F3852-8826-4966-AD32-1620DC3F2E24}.Debug|Any CPU.Build.0 = Debug|Any CPU
		{C06F3852-8826-4966-AD32-1620DC3F2E24}.Release|Any CPU.ActiveCfg = Release|Any CPU
		{C06F3852-8826-4966-AD32-1620DC3F2E24}.Release|Any CPU.Build.0 = Release|Any CPU
		{2E4B4C82-6A11-4D84-A56F-EA80332397D4}.Debug|Any CPU.ActiveCfg = Debug|Any CPU
		{2E4B4C82-6A11-4D84-A56F-EA80332397D4}.Debug|Any CPU.Build.0 = Debug|Any CPU
		{2E4B4C82-6A11-4D84-A56F-EA80332397D4}.Release|Any CPU.ActiveCfg = Release|Any CPU
		{2E4B4C82-6A11-4D84-A56F-EA80332397D4}.Release|Any CPU.Build.0 = Release|Any CPU
		{1479A43C-F4FA-45B4-9E7C-41FD8A56771B}.Debug|Any CPU.ActiveCfg = Debug|Any CPU
		{1479A43C-F4FA-45B4-9E7C-41FD8A56771B}.Debug|Any CPU.Build.0 = Debug|Any CPU
		{1479A43C-F4FA-45B4-9E7C-41FD8A56771B}.Release|Any CPU.ActiveCfg = Release|Any CPU
		{1479A43C-F4FA-45B4-9E7C-41FD8A56771B}.Release|Any CPU.Build.0 = Release|Any CPU
		{5BFB61E2-CE4F-43D5-81A1-2A732C42DD2E}.Debug|Any CPU.ActiveCfg = Debug|Any CPU
		{5BFB61E2-CE4F-43D5-81A1-2A732C42DD2E}.Debug|Any CPU.Build.0 = Debug|Any CPU
		{5BFB61E2-CE4F-43D5-81A1-2A732C42DD2E}.Release|Any CPU.ActiveCfg = Release|Any CPU
		{5BFB61E2-CE4F-43D5-81A1-2A732C42DD2E}.Release|Any CPU.Build.0 = Release|Any CPU
		{C744A027-369B-42C0-B27C-EFE5EA15F402}.Debug|Any CPU.ActiveCfg = Debug|Any CPU
		{C744A027-369B-42C0-B27C-EFE5EA15F402}.Debug|Any CPU.Build.0 = Debug|Any CPU
		{C744A027-369B-42C0-B27C-EFE5EA15F402}.Release|Any CPU.ActiveCfg = Release|Any CPU
		{C744A027-369B-42C0-B27C-EFE5EA15F402}.Release|Any CPU.Build.0 = Release|Any CPU
		{664B7C84-1F3A-4A71-B46B-6741B4D28368}.Debug|Any CPU.ActiveCfg = Debug|Any CPU
		{664B7C84-1F3A-4A71-B46B-6741B4D28368}.Debug|Any CPU.Build.0 = Debug|Any CPU
		{664B7C84-1F3A-4A71-B46B-6741B4D28368}.Release|Any CPU.ActiveCfg = Release|Any CPU
		{664B7C84-1F3A-4A71-B46B-6741B4D28368}.Release|Any CPU.Build.0 = Release|Any CPU
		{D4064710-A361-4A9E-B035-E84D1E84C599}.Debug|Any CPU.ActiveCfg = Debug|Any CPU
		{D4064710-A361-4A9E-B035-E84D1E84C599}.Debug|Any CPU.Build.0 = Debug|Any CPU
		{D4064710-A361-4A9E-B035-E84D1E84C599}.Release|Any CPU.ActiveCfg = Release|Any CPU
		{D4064710-A361-4A9E-B035-E84D1E84C599}.Release|Any CPU.Build.0 = Release|Any CPU
		{A6AF9E61-60C9-483A-9BC7-C8316756FABD}.Debug|Any CPU.ActiveCfg = Debug|Any CPU
		{A6AF9E61-60C9-483A-9BC7-C8316756FABD}.Debug|Any CPU.Build.0 = Debug|Any CPU
		{A6AF9E61-60C9-483A-9BC7-C8316756FABD}.Release|Any CPU.ActiveCfg = Release|Any CPU
		{A6AF9E61-60C9-483A-9BC7-C8316756FABD}.Release|Any CPU.Build.0 = Release|Any CPU
		{DC684867-42FE-4B3B-A33D-5FE6FE929A76}.Debug|Any CPU.ActiveCfg = Debug|Any CPU
		{DC684867-42FE-4B3B-A33D-5FE6FE929A76}.Debug|Any CPU.Build.0 = Debug|Any CPU
		{DC684867-42FE-4B3B-A33D-5FE6FE929A76}.Release|Any CPU.ActiveCfg = Release|Any CPU
		{DC684867-42FE-4B3B-A33D-5FE6FE929A76}.Release|Any CPU.Build.0 = Release|Any CPU
	EndGlobalSection
EndGlobal
