
Microsoft Visual Studio Solution File, Format Version 12.00
# Visual Studio Version 16
VisualStudioVersion = 16.0.30804.86
MinimumVisualStudioVersion = 10.0.40219.1
Project("{FAE04EC0-301F-11D3-BF4B-00C04F79EFBC}") = "LDtkMonogame", "LDtkMonogame\LDtkMonogame.csproj", "{ED775220-9938-4833-AA11-207B0DAF9B92}"
EndProject
Project("{FAE04EC0-301F-11D3-BF4B-00C04F79EFBC}") = "Quickstart", "LDtkMonogame.Examples\Quickstart\Quickstart.csproj", "{D7C57435-8C53-4F84-AB64-85108D7A5F0C}"
EndProject
Project("{2150E333-8FDC-42A3-9474-1A3956D46DE8}") = "LDtkMonogame.Examples", "LDtkMonogame.Examples", "{862A1BA4-9A41-40A6-B431-890A4F0BE180}"
EndProject
Project("{FAE04EC0-301F-11D3-BF4B-00C04F79EFBC}") = "Platformer", "LDtkMonogame.Examples\Platformer\Platformer.csproj", "{4B73B916-3883-439E-A464-A451D2F07D47}"
EndProject
Project("{FAE04EC0-301F-11D3-BF4B-00C04F79EFBC}") = "Api", "LDtkMonogame.Examples\Api\Api.csproj", "{1DCD84CA-65EE-4C38-90BA-FC1E41029398}"
EndProject
Project("{FAE04EC0-301F-11D3-BF4B-00C04F79EFBC}") = "LDtkMonogame.ContentPipeline", "LDtkMonogame.ContentPipeline\LDtkMonogame.ContentPipeline.csproj", "{330EC38E-A5AB-4E94-B784-99778FF7AC0F}"
EndProject
Global
	GlobalSection(SolutionConfigurationPlatforms) = preSolution
		Debug|Any CPU = Debug|Any CPU
		Release|Any CPU = Release|Any CPU
	EndGlobalSection
	GlobalSection(ProjectConfigurationPlatforms) = postSolution
		{F88E0B1F-125F-46EB-B3EC-882319C39B92}.Debug|Any CPU.ActiveCfg = Debug|Any CPU
		{F88E0B1F-125F-46EB-B3EC-882319C39B92}.Debug|Any CPU.Build.0 = Debug|Any CPU
		{F88E0B1F-125F-46EB-B3EC-882319C39B92}.Release|Any CPU.ActiveCfg = Release|Any CPU
		{F88E0B1F-125F-46EB-B3EC-882319C39B92}.Release|Any CPU.Build.0 = Release|Any CPU
		{ED775220-9938-4833-AA11-207B0DAF9B92}.Debug|Any CPU.ActiveCfg = Debug|Any CPU
		{ED775220-9938-4833-AA11-207B0DAF9B92}.Debug|Any CPU.Build.0 = Debug|Any CPU
		{ED775220-9938-4833-AA11-207B0DAF9B92}.Release|Any CPU.ActiveCfg = Release|Any CPU
		{ED775220-9938-4833-AA11-207B0DAF9B92}.Release|Any CPU.Build.0 = Release|Any CPU
		{BA0C2D22-3D61-41B3-9931-56F4BE987D09}.Debug|Any CPU.ActiveCfg = Debug|Any CPU
		{BA0C2D22-3D61-41B3-9931-56F4BE987D09}.Debug|Any CPU.Build.0 = Debug|Any CPU
		{BA0C2D22-3D61-41B3-9931-56F4BE987D09}.Release|Any CPU.ActiveCfg = Release|Any CPU
		{BA0C2D22-3D61-41B3-9931-56F4BE987D09}.Release|Any CPU.Build.0 = Release|Any CPU
		{D7C57435-8C53-4F84-AB64-85108D7A5F0C}.Debug|Any CPU.ActiveCfg = Debug|Any CPU
		{D7C57435-8C53-4F84-AB64-85108D7A5F0C}.Debug|Any CPU.Build.0 = Debug|Any CPU
		{D7C57435-8C53-4F84-AB64-85108D7A5F0C}.Release|Any CPU.ActiveCfg = Release|Any CPU
		{D7C57435-8C53-4F84-AB64-85108D7A5F0C}.Release|Any CPU.Build.0 = Release|Any CPU
		{FDBBD084-73A5-4368-830E-B6284329034C}.Debug|Any CPU.ActiveCfg = Debug|Any CPU
		{FDBBD084-73A5-4368-830E-B6284329034C}.Debug|Any CPU.Build.0 = Debug|Any CPU
		{FDBBD084-73A5-4368-830E-B6284329034C}.Release|Any CPU.ActiveCfg = Release|Any CPU
		{FDBBD084-73A5-4368-830E-B6284329034C}.Release|Any CPU.Build.0 = Release|Any CPU
		{4B73B916-3883-439E-A464-A451D2F07D47}.Debug|Any CPU.ActiveCfg = Debug|Any CPU
		{4B73B916-3883-439E-A464-A451D2F07D47}.Debug|Any CPU.Build.0 = Debug|Any CPU
		{4B73B916-3883-439E-A464-A451D2F07D47}.Release|Any CPU.ActiveCfg = Release|Any CPU
		{4B73B916-3883-439E-A464-A451D2F07D47}.Release|Any CPU.Build.0 = Release|Any CPU
		{1DCD84CA-65EE-4C38-90BA-FC1E41029398}.Debug|Any CPU.ActiveCfg = Debug|Any CPU
		{1DCD84CA-65EE-4C38-90BA-FC1E41029398}.Debug|Any CPU.Build.0 = Debug|Any CPU
		{1DCD84CA-65EE-4C38-90BA-FC1E41029398}.Release|Any CPU.ActiveCfg = Release|Any CPU
		{1DCD84CA-65EE-4C38-90BA-FC1E41029398}.Release|Any CPU.Build.0 = Release|Any CPU
		{330EC38E-A5AB-4E94-B784-99778FF7AC0F}.Debug|Any CPU.ActiveCfg = Debug|Any CPU
		{330EC38E-A5AB-4E94-B784-99778FF7AC0F}.Debug|Any CPU.Build.0 = Debug|Any CPU
		{330EC38E-A5AB-4E94-B784-99778FF7AC0F}.Release|Any CPU.ActiveCfg = Release|Any CPU
		{330EC38E-A5AB-4E94-B784-99778FF7AC0F}.Release|Any CPU.Build.0 = Release|Any CPU
	EndGlobalSection
	GlobalSection(SolutionProperties) = preSolution
		HideSolutionNode = FALSE
	EndGlobalSection
	GlobalSection(ExtensibilityGlobals) = postSolution
		SolutionGuid = {F97D3879-AB2B-4226-AF56-BE838D7D8378}
	EndGlobalSection
	GlobalSection(NestedProjects) = preSolution
		{1DCD84CA-65EE-4C38-90BA-FC1E41029398} = {862A1BA4-9A41-40A6-B431-890A4F0BE180}
	EndGlobalSection
EndGlobal
