
Microsoft Visual Studio Solution File, Format Version 12.00
# Visual Studio Version 16
VisualStudioVersion = 16.0.30114.105
MinimumVisualStudioVersion = 10.0.40219.1
Project("{FAE04EC0-301F-11D3-BF4B-00C04F79EFBC}") = "LDtk", "LDtk\LDtk.csproj", "{02A81345-1A27-496D-AF2B-AE02E9A16514}"
EndProject
Project("{FAE04EC0-301F-11D3-BF4B-00C04F79EFBC}") = "Api", "Examples\Api\Api.csproj", "{4FD0070B-4A80-46D5-97EE-578E44C97B47}"
EndProject
Project("{2150E333-8FDC-42A3-9474-1A3956D46DE8}") = "Examples", "Examples", "{834A1B90-2866-11EC-A133-A543CC166FDE}"
EndProject
Project("{FAE04EC0-301F-11D3-BF4B-00C04F79EFBC}") = "Platformer", "Examples\Platformer\Platformer.csproj", "{651026C7-3DA7-425E-A325-90C510667409}"
EndProject
Project("{FAE04EC0-301F-11D3-BF4B-00C04F79EFBC}") = "Shooter", "Examples\Kenney Shooter\Shooter.csproj", "{5BF2DD2D-6168-4863-BAC0-1B9426C84C91}"
EndProject
Project("{FAE04EC0-301F-11D3-BF4B-00C04F79EFBC}") = "LDtk.Codegen", "LDtk.Codegen\LDtk.Codegen.csproj", "{4DFB625B-176C-49E3-9675-31CB16DE3477}"
EndProject
Project("{FAE04EC0-301F-11D3-BF4B-00C04F79EFBC}") = "LDtk.ContentPipeline", "LDtk.ContentPipeline\LDtk.ContentPipeline.csproj", "{973040D3-BFB7-4E34-AA08-4AD79741B97E}"
EndProject
Global
	GlobalSection(SolutionConfigurationPlatforms) = preSolution
		Debug|Any CPU = Debug|Any CPU
		Debug|x64 = Debug|x64
		Debug|x86 = Debug|x86
		Release|Any CPU = Release|Any CPU
		Release|x64 = Release|x64
		Release|x86 = Release|x86
	EndGlobalSection
	GlobalSection(SolutionProperties) = preSolution
		HideSolutionNode = FALSE
	EndGlobalSection
	GlobalSection(ProjectConfigurationPlatforms) = postSolution
		{02A81345-1A27-496D-AF2B-AE02E9A16514}.Debug|Any CPU.ActiveCfg = Debug|Any CPU
		{02A81345-1A27-496D-AF2B-AE02E9A16514}.Debug|Any CPU.Build.0 = Debug|Any CPU
		{02A81345-1A27-496D-AF2B-AE02E9A16514}.Debug|x64.ActiveCfg = Debug|Any CPU
		{02A81345-1A27-496D-AF2B-AE02E9A16514}.Debug|x64.Build.0 = Debug|Any CPU
		{02A81345-1A27-496D-AF2B-AE02E9A16514}.Debug|x86.ActiveCfg = Debug|Any CPU
		{02A81345-1A27-496D-AF2B-AE02E9A16514}.Debug|x86.Build.0 = Debug|Any CPU
		{02A81345-1A27-496D-AF2B-AE02E9A16514}.Release|Any CPU.ActiveCfg = Release|Any CPU
		{02A81345-1A27-496D-AF2B-AE02E9A16514}.Release|Any CPU.Build.0 = Release|Any CPU
		{02A81345-1A27-496D-AF2B-AE02E9A16514}.Release|x64.ActiveCfg = Release|Any CPU
		{02A81345-1A27-496D-AF2B-AE02E9A16514}.Release|x64.Build.0 = Release|Any CPU
		{02A81345-1A27-496D-AF2B-AE02E9A16514}.Release|x86.ActiveCfg = Release|Any CPU
		{02A81345-1A27-496D-AF2B-AE02E9A16514}.Release|x86.Build.0 = Release|Any CPU
		{6DDF7E73-8EB9-4FC9-802C-1D3336F07447}.Debug|Any CPU.ActiveCfg = Debug|Any CPU
		{6DDF7E73-8EB9-4FC9-802C-1D3336F07447}.Debug|Any CPU.Build.0 = Debug|Any CPU
		{6DDF7E73-8EB9-4FC9-802C-1D3336F07447}.Debug|x64.ActiveCfg = Debug|Any CPU
		{6DDF7E73-8EB9-4FC9-802C-1D3336F07447}.Debug|x64.Build.0 = Debug|Any CPU
		{6DDF7E73-8EB9-4FC9-802C-1D3336F07447}.Debug|x86.ActiveCfg = Debug|Any CPU
		{6DDF7E73-8EB9-4FC9-802C-1D3336F07447}.Debug|x86.Build.0 = Debug|Any CPU
		{6DDF7E73-8EB9-4FC9-802C-1D3336F07447}.Release|Any CPU.ActiveCfg = Release|Any CPU
		{6DDF7E73-8EB9-4FC9-802C-1D3336F07447}.Release|Any CPU.Build.0 = Release|Any CPU
		{6DDF7E73-8EB9-4FC9-802C-1D3336F07447}.Release|x64.ActiveCfg = Release|Any CPU
		{6DDF7E73-8EB9-4FC9-802C-1D3336F07447}.Release|x64.Build.0 = Release|Any CPU
		{6DDF7E73-8EB9-4FC9-802C-1D3336F07447}.Release|x86.ActiveCfg = Release|Any CPU
		{6DDF7E73-8EB9-4FC9-802C-1D3336F07447}.Release|x86.Build.0 = Release|Any CPU
		{4FD0070B-4A80-46D5-97EE-578E44C97B47}.Debug|Any CPU.ActiveCfg = Debug|Any CPU
		{4FD0070B-4A80-46D5-97EE-578E44C97B47}.Debug|Any CPU.Build.0 = Debug|Any CPU
		{4FD0070B-4A80-46D5-97EE-578E44C97B47}.Debug|x64.ActiveCfg = Debug|Any CPU
		{4FD0070B-4A80-46D5-97EE-578E44C97B47}.Debug|x64.Build.0 = Debug|Any CPU
		{4FD0070B-4A80-46D5-97EE-578E44C97B47}.Debug|x86.ActiveCfg = Debug|Any CPU
		{4FD0070B-4A80-46D5-97EE-578E44C97B47}.Debug|x86.Build.0 = Debug|Any CPU
		{4FD0070B-4A80-46D5-97EE-578E44C97B47}.Release|Any CPU.ActiveCfg = Release|Any CPU
		{4FD0070B-4A80-46D5-97EE-578E44C97B47}.Release|Any CPU.Build.0 = Release|Any CPU
		{4FD0070B-4A80-46D5-97EE-578E44C97B47}.Release|x64.ActiveCfg = Release|Any CPU
		{4FD0070B-4A80-46D5-97EE-578E44C97B47}.Release|x64.Build.0 = Release|Any CPU
		{4FD0070B-4A80-46D5-97EE-578E44C97B47}.Release|x86.ActiveCfg = Release|Any CPU
		{4FD0070B-4A80-46D5-97EE-578E44C97B47}.Release|x86.Build.0 = Release|Any CPU
		{086F6516-E15E-4413-8A26-7812245EE0BF}.Debug|Any CPU.ActiveCfg = Debug|Any CPU
		{086F6516-E15E-4413-8A26-7812245EE0BF}.Debug|Any CPU.Build.0 = Debug|Any CPU
		{086F6516-E15E-4413-8A26-7812245EE0BF}.Debug|x64.ActiveCfg = Debug|Any CPU
		{086F6516-E15E-4413-8A26-7812245EE0BF}.Debug|x64.Build.0 = Debug|Any CPU
		{086F6516-E15E-4413-8A26-7812245EE0BF}.Debug|x86.ActiveCfg = Debug|Any CPU
		{086F6516-E15E-4413-8A26-7812245EE0BF}.Debug|x86.Build.0 = Debug|Any CPU
		{086F6516-E15E-4413-8A26-7812245EE0BF}.Release|Any CPU.ActiveCfg = Release|Any CPU
		{086F6516-E15E-4413-8A26-7812245EE0BF}.Release|Any CPU.Build.0 = Release|Any CPU
		{086F6516-E15E-4413-8A26-7812245EE0BF}.Release|x64.ActiveCfg = Release|Any CPU
		{086F6516-E15E-4413-8A26-7812245EE0BF}.Release|x64.Build.0 = Release|Any CPU
		{086F6516-E15E-4413-8A26-7812245EE0BF}.Release|x86.ActiveCfg = Release|Any CPU
		{086F6516-E15E-4413-8A26-7812245EE0BF}.Release|x86.Build.0 = Release|Any CPU
		{651026C7-3DA7-425E-A325-90C510667409}.Debug|Any CPU.ActiveCfg = Debug|Any CPU
		{651026C7-3DA7-425E-A325-90C510667409}.Debug|Any CPU.Build.0 = Debug|Any CPU
		{651026C7-3DA7-425E-A325-90C510667409}.Debug|x64.ActiveCfg = Debug|Any CPU
		{651026C7-3DA7-425E-A325-90C510667409}.Debug|x64.Build.0 = Debug|Any CPU
		{651026C7-3DA7-425E-A325-90C510667409}.Debug|x86.ActiveCfg = Debug|Any CPU
		{651026C7-3DA7-425E-A325-90C510667409}.Debug|x86.Build.0 = Debug|Any CPU
		{651026C7-3DA7-425E-A325-90C510667409}.Release|Any CPU.ActiveCfg = Release|Any CPU
		{651026C7-3DA7-425E-A325-90C510667409}.Release|Any CPU.Build.0 = Release|Any CPU
		{651026C7-3DA7-425E-A325-90C510667409}.Release|x64.ActiveCfg = Release|Any CPU
		{651026C7-3DA7-425E-A325-90C510667409}.Release|x64.Build.0 = Release|Any CPU
		{651026C7-3DA7-425E-A325-90C510667409}.Release|x86.ActiveCfg = Release|Any CPU
		{651026C7-3DA7-425E-A325-90C510667409}.Release|x86.Build.0 = Release|Any CPU
		{5BF2DD2D-6168-4863-BAC0-1B9426C84C91}.Debug|Any CPU.ActiveCfg = Debug|Any CPU
		{5BF2DD2D-6168-4863-BAC0-1B9426C84C91}.Debug|Any CPU.Build.0 = Debug|Any CPU
		{5BF2DD2D-6168-4863-BAC0-1B9426C84C91}.Debug|x64.ActiveCfg = Debug|Any CPU
		{5BF2DD2D-6168-4863-BAC0-1B9426C84C91}.Debug|x64.Build.0 = Debug|Any CPU
		{5BF2DD2D-6168-4863-BAC0-1B9426C84C91}.Debug|x86.ActiveCfg = Debug|Any CPU
		{5BF2DD2D-6168-4863-BAC0-1B9426C84C91}.Debug|x86.Build.0 = Debug|Any CPU
		{5BF2DD2D-6168-4863-BAC0-1B9426C84C91}.Release|Any CPU.ActiveCfg = Release|Any CPU
		{5BF2DD2D-6168-4863-BAC0-1B9426C84C91}.Release|Any CPU.Build.0 = Release|Any CPU
		{5BF2DD2D-6168-4863-BAC0-1B9426C84C91}.Release|x64.ActiveCfg = Release|Any CPU
		{5BF2DD2D-6168-4863-BAC0-1B9426C84C91}.Release|x64.Build.0 = Release|Any CPU
		{5BF2DD2D-6168-4863-BAC0-1B9426C84C91}.Release|x86.ActiveCfg = Release|Any CPU
		{5BF2DD2D-6168-4863-BAC0-1B9426C84C91}.Release|x86.Build.0 = Release|Any CPU
		{70ED873E-B832-44F8-A9D9-B320A2EAC811}.Debug|Any CPU.ActiveCfg = Debug|Any CPU
		{70ED873E-B832-44F8-A9D9-B320A2EAC811}.Debug|Any CPU.Build.0 = Debug|Any CPU
		{70ED873E-B832-44F8-A9D9-B320A2EAC811}.Debug|x64.ActiveCfg = Debug|Any CPU
		{70ED873E-B832-44F8-A9D9-B320A2EAC811}.Debug|x64.Build.0 = Debug|Any CPU
		{70ED873E-B832-44F8-A9D9-B320A2EAC811}.Debug|x86.ActiveCfg = Debug|Any CPU
		{70ED873E-B832-44F8-A9D9-B320A2EAC811}.Debug|x86.Build.0 = Debug|Any CPU
		{70ED873E-B832-44F8-A9D9-B320A2EAC811}.Release|Any CPU.ActiveCfg = Release|Any CPU
		{70ED873E-B832-44F8-A9D9-B320A2EAC811}.Release|Any CPU.Build.0 = Release|Any CPU
		{70ED873E-B832-44F8-A9D9-B320A2EAC811}.Release|x64.ActiveCfg = Release|Any CPU
		{70ED873E-B832-44F8-A9D9-B320A2EAC811}.Release|x64.Build.0 = Release|Any CPU
		{70ED873E-B832-44F8-A9D9-B320A2EAC811}.Release|x86.ActiveCfg = Release|Any CPU
		{70ED873E-B832-44F8-A9D9-B320A2EAC811}.Release|x86.Build.0 = Release|Any CPU
		{4DFB625B-176C-49E3-9675-31CB16DE3477}.Debug|Any CPU.ActiveCfg = Debug|Any CPU
		{4DFB625B-176C-49E3-9675-31CB16DE3477}.Debug|Any CPU.Build.0 = Debug|Any CPU
		{4DFB625B-176C-49E3-9675-31CB16DE3477}.Debug|x64.ActiveCfg = Debug|Any CPU
		{4DFB625B-176C-49E3-9675-31CB16DE3477}.Debug|x64.Build.0 = Debug|Any CPU
		{4DFB625B-176C-49E3-9675-31CB16DE3477}.Debug|x86.ActiveCfg = Debug|Any CPU
		{4DFB625B-176C-49E3-9675-31CB16DE3477}.Debug|x86.Build.0 = Debug|Any CPU
		{4DFB625B-176C-49E3-9675-31CB16DE3477}.Release|Any CPU.ActiveCfg = Release|Any CPU
		{4DFB625B-176C-49E3-9675-31CB16DE3477}.Release|Any CPU.Build.0 = Release|Any CPU
		{4DFB625B-176C-49E3-9675-31CB16DE3477}.Release|x64.ActiveCfg = Release|Any CPU
		{4DFB625B-176C-49E3-9675-31CB16DE3477}.Release|x64.Build.0 = Release|Any CPU
		{4DFB625B-176C-49E3-9675-31CB16DE3477}.Release|x86.ActiveCfg = Release|Any CPU
		{4DFB625B-176C-49E3-9675-31CB16DE3477}.Release|x86.Build.0 = Release|Any CPU
		{973040D3-BFB7-4E34-AA08-4AD79741B97E}.Debug|Any CPU.ActiveCfg = Debug|Any CPU
		{973040D3-BFB7-4E34-AA08-4AD79741B97E}.Debug|Any CPU.Build.0 = Debug|Any CPU
		{973040D3-BFB7-4E34-AA08-4AD79741B97E}.Debug|x64.ActiveCfg = Debug|Any CPU
		{973040D3-BFB7-4E34-AA08-4AD79741B97E}.Debug|x64.Build.0 = Debug|Any CPU
		{973040D3-BFB7-4E34-AA08-4AD79741B97E}.Debug|x86.ActiveCfg = Debug|Any CPU
		{973040D3-BFB7-4E34-AA08-4AD79741B97E}.Debug|x86.Build.0 = Debug|Any CPU
		{973040D3-BFB7-4E34-AA08-4AD79741B97E}.Release|Any CPU.ActiveCfg = Release|Any CPU
		{973040D3-BFB7-4E34-AA08-4AD79741B97E}.Release|Any CPU.Build.0 = Release|Any CPU
		{973040D3-BFB7-4E34-AA08-4AD79741B97E}.Release|x64.ActiveCfg = Release|Any CPU
		{973040D3-BFB7-4E34-AA08-4AD79741B97E}.Release|x64.Build.0 = Release|Any CPU
		{973040D3-BFB7-4E34-AA08-4AD79741B97E}.Release|x86.ActiveCfg = Release|Any CPU
		{973040D3-BFB7-4E34-AA08-4AD79741B97E}.Release|x86.Build.0 = Release|Any CPU
	EndGlobalSection
	GlobalSection(NestedProjects) = preSolution
		{5BF2DD2D-6168-4863-BAC0-1B9426C84C91} = {834A1B90-2866-11EC-A133-A543CC166FDE}
		{651026C7-3DA7-425E-A325-90C510667409} = {834A1B90-2866-11EC-A133-A543CC166FDE}
		{4FD0070B-4A80-46D5-97EE-578E44C97B47} = {834A1B90-2866-11EC-A133-A543CC166FDE}
	EndGlobalSection
EndGlobal
